
Microsoft Visual Studio Solution File, Format Version 12.00
# Visual Studio Version 17
VisualStudioVersion = 17.5.33627.172
MinimumVisualStudioVersion = 10.0.40219.1
Project("{9A19103F-16F7-4668-BE54-9A1E7A4F7556}") = "AccountingSystem", "AccountingSystem\AccountingSystem.csproj", "{F05BA5B3-58C2-4372-8221-433F58283461}"
EndProject
Project("{FAE04EC0-301F-11D3-BF4B-00C04F79EFBC}") = "AccountTests", "AccountTests\AccountTests.csproj", "{0C16B342-DFD9-4774-A5BF-6C6085376975}"
EndProject
Global
	GlobalSection(SolutionConfigurationPlatforms) = preSolution
		Debug|Any CPU = Debug|Any CPU
		Release|Any CPU = Release|Any CPU
	EndGlobalSection
	GlobalSection(ProjectConfigurationPlatforms) = postSolution
		{F05BA5B3-58C2-4372-8221-433F58283461}.Debug|Any CPU.ActiveCfg = Debug|Any CPU
		{F05BA5B3-58C2-4372-8221-433F58283461}.Debug|Any CPU.Build.0 = Debug|Any CPU
		{F05BA5B3-58C2-4372-8221-433F58283461}.Release|Any CPU.ActiveCfg = Release|Any CPU
		{F05BA5B3-58C2-4372-8221-433F58283461}.Release|Any CPU.Build.0 = Release|Any CPU
		{0C16B342-DFD9-4774-A5BF-6C6085376975}.Debug|Any CPU.ActiveCfg = Debug|Any CPU
		{0C16B342-DFD9-4774-A5BF-6C6085376975}.Debug|Any CPU.Build.0 = Debug|Any CPU
		{0C16B342-DFD9-4774-A5BF-6C6085376975}.Release|Any CPU.ActiveCfg = Release|Any CPU
		{0C16B342-DFD9-4774-A5BF-6C6085376975}.Release|Any CPU.Build.0 = Release|Any CPU
	EndGlobalSection
	GlobalSection(SolutionProperties) = preSolution
		HideSolutionNode = FALSE
	EndGlobalSection
	GlobalSection(ExtensibilityGlobals) = postSolution
		SolutionGuid = {CCDE7828-F38A-4545-9928-B6693FA88506}
	EndGlobalSection
EndGlobal
