
Microsoft Visual Studio Solution File, Format Version 12.00
# Visual Studio Version 17
VisualStudioVersion = 17.5.33627.172
MinimumVisualStudioVersion = 10.0.40219.1
Project("{FAE04EC0-301F-11D3-BF4B-00C04F79EFBC}") = "RouteSmartTruckQuestion", "RouteSmartTruckQuestion\RouteSmartTruckQuestion.csproj", "{4BF4464A-D071-4186-8ABC-2A32617ED90C}"
EndProject
Global
	GlobalSection(SolutionConfigurationPlatforms) = preSolution
		Debug|Any CPU = Debug|Any CPU
		Release|Any CPU = Release|Any CPU
	EndGlobalSection
	GlobalSection(ProjectConfigurationPlatforms) = postSolution
		{4BF4464A-D071-4186-8ABC-2A32617ED90C}.Debug|Any CPU.ActiveCfg = Debug|Any CPU
		{4BF4464A-D071-4186-8ABC-2A32617ED90C}.Debug|Any CPU.Build.0 = Debug|Any CPU
		{4BF4464A-D071-4186-8ABC-2A32617ED90C}.Release|Any CPU.ActiveCfg = Release|Any CPU
		{4BF4464A-D071-4186-8ABC-2A32617ED90C}.Release|Any CPU.Build.0 = Release|Any CPU
	EndGlobalSection
	GlobalSection(SolutionProperties) = preSolution
		HideSolutionNode = FALSE
	EndGlobalSection
	GlobalSection(ExtensibilityGlobals) = postSolution
		SolutionGuid = {C7871730-DE9E-4F18-8B7A-8B2CC60BA0E2}
	EndGlobalSection
EndGlobal
